// !$*UTF8*$!
{
	archiveVersion = 1;
	classes = {
	};
	objectVersion = 50;
	objects = {

/* Begin PBXBuildFile section */
		657E8BE626A26BA100176A17 /* FrootzApp.swift in Sources */ = {isa = PBXBuildFile; fileRef = 657E8BE526A26BA100176A17 /* FrootzApp.swift */; };
		657E8BE826A26BA100176A17 /* ContentView.swift in Sources */ = {isa = PBXBuildFile; fileRef = 657E8BE726A26BA100176A17 /* ContentView.swift */; };
		657E8BEA26A26BA300176A17 /* Assets.xcassets in Resources */ = {isa = PBXBuildFile; fileRef = 657E8BE926A26BA300176A17 /* Assets.xcassets */; };
		657E8BED26A26BA300176A17 /* Preview Assets.xcassets in Resources */ = {isa = PBXBuildFile; fileRef = 657E8BEC26A26BA300176A17 /* Preview Assets.xcassets */; };
		657E8BF726A2846200176A17 /* FruitCardView.swift in Sources */ = {isa = PBXBuildFile; fileRef = 657E8BF626A2846200176A17 /* FruitCardView.swift */; };
		657E8BF926A2883B00176A17 /* StartButtonView.swift in Sources */ = {isa = PBXBuildFile; fileRef = 657E8BF826A2883B00176A17 /* StartButtonView.swift */; };
		657E8BFB26A28B1E00176A17 /* OnboardingView.swift in Sources */ = {isa = PBXBuildFile; fileRef = 657E8BFA26A28B1E00176A17 /* OnboardingView.swift */; };
		657E8BFE26A28CD200176A17 /* FruitModel.swift in Sources */ = {isa = PBXBuildFile; fileRef = 657E8BFD26A28CD200176A17 /* FruitModel.swift */; };
		657E8C0126A28DCD00176A17 /* FruitData.swift in Sources */ = {isa = PBXBuildFile; fileRef = 657E8C0026A28DCD00176A17 /* FruitData.swift */; };
		657E8C0326A2953D00176A17 /* FruitRowView.swift in Sources */ = {isa = PBXBuildFile; fileRef = 657E8C0226A2953D00176A17 /* FruitRowView.swift */; };
		657E8C0526A2999D00176A17 /* FruitDetailView.swift in Sources */ = {isa = PBXBuildFile; fileRef = 657E8C0426A2999D00176A17 /* FruitDetailView.swift */; };
		657E8C0726A29C9800176A17 /* FruitHeaderView.swift in Sources */ = {isa = PBXBuildFile; fileRef = 657E8C0626A29C9800176A17 /* FruitHeaderView.swift */; };
		657E8C0926A29EAF00176A17 /* SourceLinkView.swift in Sources */ = {isa = PBXBuildFile; fileRef = 657E8C0826A29EAF00176A17 /* SourceLinkView.swift */; };
		657E8C0B26A2A20700176A17 /* FruitNutrientsView.swift in Sources */ = {isa = PBXBuildFile; fileRef = 657E8C0A26A2A20700176A17 /* FruitNutrientsView.swift */; };
		657E8C0D26A2A58400176A17 /* SettingsView.swift in Sources */ = {isa = PBXBuildFile; fileRef = 657E8C0C26A2A58400176A17 /* SettingsView.swift */; };
		657E8C0F26A2A8F000176A17 /* SettingsLabelView.swift in Sources */ = {isa = PBXBuildFile; fileRef = 657E8C0E26A2A8F000176A17 /* SettingsLabelView.swift */; };
/* End PBXBuildFile section */

/* Begin PBXFileReference section */
		657E8BE226A26BA100176A17 /* Frootz.app */ = {isa = PBXFileReference; explicitFileType = wrapper.application; includeInIndex = 0; path = Frootz.app; sourceTree = BUILT_PRODUCTS_DIR; };
		657E8BE526A26BA100176A17 /* FrootzApp.swift */ = {isa = PBXFileReference; lastKnownFileType = sourcecode.swift; path = FrootzApp.swift; sourceTree = "<group>"; };
		657E8BE726A26BA100176A17 /* ContentView.swift */ = {isa = PBXFileReference; lastKnownFileType = sourcecode.swift; path = ContentView.swift; sourceTree = "<group>"; };
		657E8BE926A26BA300176A17 /* Assets.xcassets */ = {isa = PBXFileReference; lastKnownFileType = folder.assetcatalog; path = Assets.xcassets; sourceTree = "<group>"; };
		657E8BEC26A26BA300176A17 /* Preview Assets.xcassets */ = {isa = PBXFileReference; lastKnownFileType = folder.assetcatalog; path = "Preview Assets.xcassets"; sourceTree = "<group>"; };
		657E8BEE26A26BA300176A17 /* Info.plist */ = {isa = PBXFileReference; lastKnownFileType = text.plist.xml; path = Info.plist; sourceTree = "<group>"; };
		657E8BF626A2846200176A17 /* FruitCardView.swift */ = {isa = PBXFileReference; lastKnownFileType = sourcecode.swift; path = FruitCardView.swift; sourceTree = "<group>"; };
		657E8BF826A2883B00176A17 /* StartButtonView.swift */ = {isa = PBXFileReference; lastKnownFileType = sourcecode.swift; path = StartButtonView.swift; sourceTree = "<group>"; };
		657E8BFA26A28B1E00176A17 /* OnboardingView.swift */ = {isa = PBXFileReference; lastKnownFileType = sourcecode.swift; path = OnboardingView.swift; sourceTree = "<group>"; };
		657E8BFD26A28CD200176A17 /* FruitModel.swift */ = {isa = PBXFileReference; lastKnownFileType = sourcecode.swift; path = FruitModel.swift; sourceTree = "<group>"; };
		657E8C0026A28DCD00176A17 /* FruitData.swift */ = {isa = PBXFileReference; lastKnownFileType = sourcecode.swift; path = FruitData.swift; sourceTree = "<group>"; };
		657E8C0226A2953D00176A17 /* FruitRowView.swift */ = {isa = PBXFileReference; lastKnownFileType = sourcecode.swift; path = FruitRowView.swift; sourceTree = "<group>"; };
		657E8C0426A2999D00176A17 /* FruitDetailView.swift */ = {isa = PBXFileReference; lastKnownFileType = sourcecode.swift; path = FruitDetailView.swift; sourceTree = "<group>"; };
		657E8C0626A29C9800176A17 /* FruitHeaderView.swift */ = {isa = PBXFileReference; lastKnownFileType = sourcecode.swift; path = FruitHeaderView.swift; sourceTree = "<group>"; };
		657E8C0826A29EAF00176A17 /* SourceLinkView.swift */ = {isa = PBXFileReference; lastKnownFileType = sourcecode.swift; path = SourceLinkView.swift; sourceTree = "<group>"; };
		657E8C0A26A2A20700176A17 /* FruitNutrientsView.swift */ = {isa = PBXFileReference; lastKnownFileType = sourcecode.swift; path = FruitNutrientsView.swift; sourceTree = "<group>"; };
		657E8C0C26A2A58400176A17 /* SettingsView.swift */ = {isa = PBXFileReference; lastKnownFileType = sourcecode.swift; path = SettingsView.swift; sourceTree = "<group>"; };
		657E8C0E26A2A8F000176A17 /* SettingsLabelView.swift */ = {isa = PBXFileReference; lastKnownFileType = sourcecode.swift; path = SettingsLabelView.swift; sourceTree = "<group>"; };
/* End PBXFileReference section */

/* Begin PBXFrameworksBuildPhase section */
		657E8BDF26A26BA100176A17 /* Frameworks */ = {
			isa = PBXFrameworksBuildPhase;
			buildActionMask = 2147483647;
			files = (
			);
			runOnlyForDeploymentPostprocessing = 0;
		};
/* End PBXFrameworksBuildPhase section */

/* Begin PBXGroup section */
		657E8BD926A26BA100176A17 = {
			isa = PBXGroup;
			children = (
				657E8BE426A26BA100176A17 /* Frootz */,
				657E8BE326A26BA100176A17 /* Products */,
			);
			sourceTree = "<group>";
		};
		657E8BE326A26BA100176A17 /* Products */ = {
			isa = PBXGroup;
			children = (
				657E8BE226A26BA100176A17 /* Frootz.app */,
			);
			name = Products;
			sourceTree = "<group>";
		};
		657E8BE426A26BA100176A17 /* Frootz */ = {
			isa = PBXGroup;
			children = (
				657E8BFF26A28DBA00176A17 /* Data */,
				657E8BFC26A28CBC00176A17 /* Model */,
				657E8BF526A2843600176A17 /* View */,
				657E8BF426A2840500176A17 /* App */,
				657E8BE926A26BA300176A17 /* Assets.xcassets */,
				657E8BEE26A26BA300176A17 /* Info.plist */,
				657E8BEB26A26BA300176A17 /* Preview Content */,
			);
			path = Frootz;
			sourceTree = "<group>";
		};
		657E8BEB26A26BA300176A17 /* Preview Content */ = {
			isa = PBXGroup;
			children = (
				657E8BEC26A26BA300176A17 /* Preview Assets.xcassets */,
			);
			path = "Preview Content";
			sourceTree = "<group>";
		};
		657E8BF426A2840500176A17 /* App */ = {
			isa = PBXGroup;
			children = (
				657E8BE526A26BA100176A17 /* FrootzApp.swift */,
				657E8BE726A26BA100176A17 /* ContentView.swift */,
				657E8BFA26A28B1E00176A17 /* OnboardingView.swift */,
				657E8C0426A2999D00176A17 /* FruitDetailView.swift */,
				657E8C0C26A2A58400176A17 /* SettingsView.swift */,
			);
			path = App;
			sourceTree = "<group>";
		};
		657E8BF526A2843600176A17 /* View */ = {
			isa = PBXGroup;
			children = (
				657E8BF626A2846200176A17 /* FruitCardView.swift */,
				657E8BF826A2883B00176A17 /* StartButtonView.swift */,
				657E8C0226A2953D00176A17 /* FruitRowView.swift */,
				657E8C0626A29C9800176A17 /* FruitHeaderView.swift */,
				657E8C0826A29EAF00176A17 /* SourceLinkView.swift */,
				657E8C0A26A2A20700176A17 /* FruitNutrientsView.swift */,
				657E8C0E26A2A8F000176A17 /* SettingsLabelView.swift */,
			);
			path = View;
			sourceTree = "<group>";
		};
		657E8BFC26A28CBC00176A17 /* Model */ = {
			isa = PBXGroup;
			children = (
				657E8BFD26A28CD200176A17 /* FruitModel.swift */,
			);
			path = Model;
			sourceTree = "<group>";
		};
		657E8BFF26A28DBA00176A17 /* Data */ = {
			isa = PBXGroup;
			children = (
				657E8C0026A28DCD00176A17 /* FruitData.swift */,
			);
			path = Data;
			sourceTree = "<group>";
		};
/* End PBXGroup section */

/* Begin PBXNativeTarget section */
		657E8BE126A26BA100176A17 /* Frootz */ = {
			isa = PBXNativeTarget;
			buildConfigurationList = 657E8BF126A26BA300176A17 /* Build configuration list for PBXNativeTarget "Frootz" */;
			buildPhases = (
				657E8BDE26A26BA100176A17 /* Sources */,
				657E8BDF26A26BA100176A17 /* Frameworks */,
				657E8BE026A26BA100176A17 /* Resources */,
			);
			buildRules = (
			);
			dependencies = (
			);
			name = Frootz;
			productName = Frootz;
			productReference = 657E8BE226A26BA100176A17 /* Frootz.app */;
			productType = "com.apple.product-type.application";
		};
/* End PBXNativeTarget section */

/* Begin PBXProject section */
		657E8BDA26A26BA100176A17 /* Project object */ = {
			isa = PBXProject;
			attributes = {
				LastSwiftUpdateCheck = 1250;
				LastUpgradeCheck = 1250;
				TargetAttributes = {
					657E8BE126A26BA100176A17 = {
						CreatedOnToolsVersion = 12.5.1;
					};
				};
			};
			buildConfigurationList = 657E8BDD26A26BA100176A17 /* Build configuration list for PBXProject "Frootz" */;
			compatibilityVersion = "Xcode 9.3";
			developmentRegion = en;
			hasScannedForEncodings = 0;
			knownRegions = (
				en,
				Base,
			);
			mainGroup = 657E8BD926A26BA100176A17;
			productRefGroup = 657E8BE326A26BA100176A17 /* Products */;
			projectDirPath = "";
			projectRoot = "";
			targets = (
				657E8BE126A26BA100176A17 /* Frootz */,
			);
		};
/* End PBXProject section */

/* Begin PBXResourcesBuildPhase section */
		657E8BE026A26BA100176A17 /* Resources */ = {
			isa = PBXResourcesBuildPhase;
			buildActionMask = 2147483647;
			files = (
				657E8BED26A26BA300176A17 /* Preview Assets.xcassets in Resources */,
				657E8BEA26A26BA300176A17 /* Assets.xcassets in Resources */,
			);
			runOnlyForDeploymentPostprocessing = 0;
		};
/* End PBXResourcesBuildPhase section */

/* Begin PBXSourcesBuildPhase section */
		657E8BDE26A26BA100176A17 /* Sources */ = {
			isa = PBXSourcesBuildPhase;
			buildActionMask = 2147483647;
			files = (
				657E8C0126A28DCD00176A17 /* FruitData.swift in Sources */,
				657E8C0926A29EAF00176A17 /* SourceLinkView.swift in Sources */,
				657E8BF726A2846200176A17 /* FruitCardView.swift in Sources */,
				657E8C0326A2953D00176A17 /* FruitRowView.swift in Sources */,
				657E8C0B26A2A20700176A17 /* FruitNutrientsView.swift in Sources */,
				657E8BF926A2883B00176A17 /* StartButtonView.swift in Sources */,
				657E8C0526A2999D00176A17 /* FruitDetailView.swift in Sources */,
				657E8BE826A26BA100176A17 /* ContentView.swift in Sources */,
				657E8C0726A29C9800176A17 /* FruitHeaderView.swift in Sources */,
				657E8BFB26A28B1E00176A17 /* OnboardingView.swift in Sources */,
				657E8C0F26A2A8F000176A17 /* SettingsLabelView.swift in Sources */,
				657E8BFE26A28CD200176A17 /* FruitModel.swift in Sources */,
				657E8BE626A26BA100176A17 /* FrootzApp.swift in Sources */,
				657E8C0D26A2A58400176A17 /* SettingsView.swift in Sources */,
			);
			runOnlyForDeploymentPostprocessing = 0;
		};
/* End PBXSourcesBuildPhase section */

/* Begin XCBuildConfiguration section */
		657E8BEF26A26BA300176A17 /* Debug */ = {
			isa = XCBuildConfiguration;
			buildSettings = {
				ALWAYS_SEARCH_USER_PATHS = NO;
				CLANG_ANALYZER_NONNULL = YES;
				CLANG_ANALYZER_NUMBER_OBJECT_CONVERSION = YES_AGGRESSIVE;
				CLANG_CXX_LANGUAGE_STANDARD = "gnu++14";
				CLANG_CXX_LIBRARY = "libc++";
				CLANG_ENABLE_MODULES = YES;
				CLANG_ENABLE_OBJC_ARC = YES;
				CLANG_ENABLE_OBJC_WEAK = YES;
				CLANG_WARN_BLOCK_CAPTURE_AUTORELEASING = YES;
				CLANG_WARN_BOOL_CONVERSION = YES;
				CLANG_WARN_COMMA = YES;
				CLANG_WARN_CONSTANT_CONVERSION = YES;
				CLANG_WARN_DEPRECATED_OBJC_IMPLEMENTATIONS = YES;
				CLANG_WARN_DIRECT_OBJC_ISA_USAGE = YES_ERROR;
				CLANG_WARN_DOCUMENTATION_COMMENTS = YES;
				CLANG_WARN_EMPTY_BODY = YES;
				CLANG_WARN_ENUM_CONVERSION = YES;
				CLANG_WARN_INFINITE_RECURSION = YES;
				CLANG_WARN_INT_CONVERSION = YES;
				CLANG_WARN_NON_LITERAL_NULL_CONVERSION = YES;
				CLANG_WARN_OBJC_IMPLICIT_RETAIN_SELF = YES;
				CLANG_WARN_OBJC_LITERAL_CONVERSION = YES;
				CLANG_WARN_OBJC_ROOT_CLASS = YES_ERROR;
				CLANG_WARN_QUOTED_INCLUDE_IN_FRAMEWORK_HEADER = YES;
				CLANG_WARN_RANGE_LOOP_ANALYSIS = YES;
				CLANG_WARN_STRICT_PROTOTYPES = YES;
				CLANG_WARN_SUSPICIOUS_MOVE = YES;
				CLANG_WARN_UNGUARDED_AVAILABILITY = YES_AGGRESSIVE;
				CLANG_WARN_UNREACHABLE_CODE = YES;
				CLANG_WARN__DUPLICATE_METHOD_MATCH = YES;
				COPY_PHASE_STRIP = NO;
				DEBUG_INFORMATION_FORMAT = dwarf;
				ENABLE_STRICT_OBJC_MSGSEND = YES;
				ENABLE_TESTABILITY = YES;
				GCC_C_LANGUAGE_STANDARD = gnu11;
				GCC_DYNAMIC_NO_PIC = NO;
				GCC_NO_COMMON_BLOCKS = YES;
				GCC_OPTIMIZATION_LEVEL = 0;
				GCC_PREPROCESSOR_DEFINITIONS = (
					"DEBUG=1",
					"$(inherited)",
				);
				GCC_WARN_64_TO_32_BIT_CONVERSION = YES;
				GCC_WARN_ABOUT_RETURN_TYPE = YES_ERROR;
				GCC_WARN_UNDECLARED_SELECTOR = YES;
				GCC_WARN_UNINITIALIZED_AUTOS = YES_AGGRESSIVE;
				GCC_WARN_UNUSED_FUNCTION = YES;
				GCC_WARN_UNUSED_VARIABLE = YES;
				IPHONEOS_DEPLOYMENT_TARGET = 14.5;
				MTL_ENABLE_DEBUG_INFO = INCLUDE_SOURCE;
				MTL_FAST_MATH = YES;
				ONLY_ACTIVE_ARCH = YES;
				SDKROOT = iphoneos;
				SWIFT_ACTIVE_COMPILATION_CONDITIONS = DEBUG;
				SWIFT_OPTIMIZATION_LEVEL = "-Onone";
			};
			name = Debug;
		};
		657E8BF026A26BA300176A17 /* Release */ = {
			isa = XCBuildConfiguration;
			buildSettings = {
				ALWAYS_SEARCH_USER_PATHS = NO;
				CLANG_ANALYZER_NONNULL = YES;
				CLANG_ANALYZER_NUMBER_OBJECT_CONVERSION = YES_AGGRESSIVE;
				CLANG_CXX_LANGUAGE_STANDARD = "gnu++14";
				CLANG_CXX_LIBRARY = "libc++";
				CLANG_ENABLE_MODULES = YES;
				CLANG_ENABLE_OBJC_ARC = YES;
				CLANG_ENABLE_OBJC_WEAK = YES;
				CLANG_WARN_BLOCK_CAPTURE_AUTORELEASING = YES;
				CLANG_WARN_BOOL_CONVERSION = YES;
				CLANG_WARN_COMMA = YES;
				CLANG_WARN_CONSTANT_CONVERSION = YES;
				CLANG_WARN_DEPRECATED_OBJC_IMPLEMENTATIONS = YES;
				CLANG_WARN_DIRECT_OBJC_ISA_USAGE = YES_ERROR;
				CLANG_WARN_DOCUMENTATION_COMMENTS = YES;
				CLANG_WARN_EMPTY_BODY = YES;
				CLANG_WARN_ENUM_CONVERSION = YES;
				CLANG_WARN_INFINITE_RECURSION = YES;
				CLANG_WARN_INT_CONVERSION = YES;
				CLANG_WARN_NON_LITERAL_NULL_CONVERSION = YES;
				CLANG_WARN_OBJC_IMPLICIT_RETAIN_SELF = YES;
				CLANG_WARN_OBJC_LITERAL_CONVERSION = YES;
				CLANG_WARN_OBJC_ROOT_CLASS = YES_ERROR;
				CLANG_WARN_QUOTED_INCLUDE_IN_FRAMEWORK_HEADER = YES;
				CLANG_WARN_RANGE_LOOP_ANALYSIS = YES;
				CLANG_WARN_STRICT_PROTOTYPES = YES;
				CLANG_WARN_SUSPICIOUS_MOVE = YES;
				CLANG_WARN_UNGUARDED_AVAILABILITY = YES_AGGRESSIVE;
				CLANG_WARN_UNREACHABLE_CODE = YES;
				CLANG_WARN__DUPLICATE_METHOD_MATCH = YES;
				COPY_PHASE_STRIP = NO;
				DEBUG_INFORMATION_FORMAT = "dwarf-with-dsym";
				ENABLE_NS_ASSERTIONS = NO;
				ENABLE_STRICT_OBJC_MSGSEND = YES;
				GCC_C_LANGUAGE_STANDARD = gnu11;
				GCC_NO_COMMON_BLOCKS = YES;
				GCC_WARN_64_TO_32_BIT_CONVERSION = YES;
				GCC_WARN_ABOUT_RETURN_TYPE = YES_ERROR;
				GCC_WARN_UNDECLARED_SELECTOR = YES;
				GCC_WARN_UNINITIALIZED_AUTOS = YES_AGGRESSIVE;
				GCC_WARN_UNUSED_FUNCTION = YES;
				GCC_WARN_UNUSED_VARIABLE = YES;
				IPHONEOS_DEPLOYMENT_TARGET = 14.5;
				MTL_ENABLE_DEBUG_INFO = NO;
				MTL_FAST_MATH = YES;
				SDKROOT = iphoneos;
				SWIFT_COMPILATION_MODE = wholemodule;
				SWIFT_OPTIMIZATION_LEVEL = "-O";
				VALIDATE_PRODUCT = YES;
			};
			name = Release;
		};
		657E8BF226A26BA300176A17 /* Debug */ = {
			isa = XCBuildConfiguration;
			buildSettings = {
				ASSETCATALOG_COMPILER_APPICON_NAME = AppIcon;
				ASSETCATALOG_COMPILER_GLOBAL_ACCENT_COLOR_NAME = AccentColor;
				CODE_SIGN_STYLE = Automatic;
				DEVELOPMENT_ASSET_PATHS = "\"Frootz/Preview Content\"";
				DEVELOPMENT_TEAM = X7AJCH46B9;
				ENABLE_PREVIEWS = YES;
				INFOPLIST_FILE = Frootz/Info.plist;
				IPHONEOS_DEPLOYMENT_TARGET = 14.0;
				LD_RUNPATH_SEARCH_PATHS = (
					"$(inherited)",
					"@executable_path/Frameworks",
				);
				PRODUCT_BUNDLE_IDENTIFIER = com.Teemo.Frootz;
				PRODUCT_NAME = "$(TARGET_NAME)";
				SWIFT_VERSION = 5.0;
				TARGETED_DEVICE_FAMILY = "1,2";
			};
			name = Debug;
		};
		657E8BF326A26BA300176A17 /* Release */ = {
			isa = XCBuildConfiguration;
			buildSettings = {
				ASSETCATALOG_COMPILER_APPICON_NAME = AppIcon;
				ASSETCATALOG_COMPILER_GLOBAL_ACCENT_COLOR_NAME = AccentColor;
				CODE_SIGN_STYLE = Automatic;
				DEVELOPMENT_ASSET_PATHS = "\"Frootz/Preview Content\"";
				DEVELOPMENT_TEAM = X7AJCH46B9;
				ENABLE_PREVIEWS = YES;
				INFOPLIST_FILE = Frootz/Info.plist;
				IPHONEOS_DEPLOYMENT_TARGET = 14.0;
				LD_RUNPATH_SEARCH_PATHS = (
					"$(inherited)",
					"@executable_path/Frameworks",
				);
				PRODUCT_BUNDLE_IDENTIFIER = com.Teemo.Frootz;
				PRODUCT_NAME = "$(TARGET_NAME)";
				SWIFT_VERSION = 5.0;
				TARGETED_DEVICE_FAMILY = "1,2";
			};
			name = Release;
		};
/* End XCBuildConfiguration section */

/* Begin XCConfigurationList section */
		657E8BDD26A26BA100176A17 /* Build configuration list for PBXProject "Frootz" */ = {
			isa = XCConfigurationList;
			buildConfigurations = (
				657E8BEF26A26BA300176A17 /* Debug */,
				657E8BF026A26BA300176A17 /* Release */,
			);
			defaultConfigurationIsVisible = 0;
			defaultConfigurationName = Release;
		};
		657E8BF126A26BA300176A17 /* Build configuration list for PBXNativeTarget "Frootz" */ = {
			isa = XCConfigurationList;
			buildConfigurations = (
				657E8BF226A26BA300176A17 /* Debug */,
				657E8BF326A26BA300176A17 /* Release */,
			);
			defaultConfigurationIsVisible = 0;
			defaultConfigurationName = Release;
		};
/* End XCConfigurationList section */
	};
	rootObject = 657E8BDA26A26BA100176A17 /* Project object */;
}
